
Microsoft Visual Studio Solution File, Format Version 12.00
# Visual Studio Version 17
VisualStudioVersion = 17.3.32819.101
MinimumVisualStudioVersion = 10.0.40219.1
Project("{FAE04EC0-301F-11D3-BF4B-00C04F79EFBC}") = "GrpcService", "GrpcService\GrpcService.csproj", "{64A6D11C-E42B-4F5F-938B-87E71F93074E}"
EndProject
Project("{FAE04EC0-301F-11D3-BF4B-00C04F79EFBC}") = "gRPCClient", "gRPCClient\gRPCClient.csproj", "{A0F76406-4435-416F-92BD-ECDC801971DB}"
EndProject
Global
	GlobalSection(SolutionConfigurationPlatforms) = preSolution
		Debug|Any CPU = Debug|Any CPU
		Release|Any CPU = Release|Any CPU
	EndGlobalSection
	GlobalSection(ProjectConfigurationPlatforms) = postSolution
		{64A6D11C-E42B-4F5F-938B-87E71F93074E}.Debug|Any CPU.ActiveCfg = Debug|Any CPU
		{64A6D11C-E42B-4F5F-938B-87E71F93074E}.Debug|Any CPU.Build.0 = Debug|Any CPU
		{64A6D11C-E42B-4F5F-938B-87E71F93074E}.Release|Any CPU.ActiveCfg = Release|Any CPU
		{64A6D11C-E42B-4F5F-938B-87E71F93074E}.Release|Any CPU.Build.0 = Release|Any CPU
		{A0F76406-4435-416F-92BD-ECDC801971DB}.Debug|Any CPU.ActiveCfg = Debug|Any CPU
		{A0F76406-4435-416F-92BD-ECDC801971DB}.Debug|Any CPU.Build.0 = Debug|Any CPU
		{A0F76406-4435-416F-92BD-ECDC801971DB}.Release|Any CPU.ActiveCfg = Release|Any CPU
		{A0F76406-4435-416F-92BD-ECDC801971DB}.Release|Any CPU.Build.0 = Release|Any CPU
	EndGlobalSection
	GlobalSection(SolutionProperties) = preSolution
		HideSolutionNode = FALSE
	EndGlobalSection
	GlobalSection(ExtensibilityGlobals) = postSolution
		SolutionGuid = {BDE06598-FF26-4280-8AEC-A301959882FE}
	EndGlobalSection
EndGlobal
